
Microsoft Visual Studio Solution File, Format Version 12.00
# Visual Studio Version 16
VisualStudioVersion = 16.0.28803.352
MinimumVisualStudioVersion = 10.0.40219.1
Project("{FAE04EC0-301F-11D3-BF4B-00C04F79EFBC}") = "SalesApp", "SalesApp\SalesApp.csproj", "{C90071BA-95A4-4C33-B321-D61225404026}"
EndProject
Project("{FAE04EC0-301F-11D3-BF4B-00C04F79EFBC}") = "UnitTests-Product", "UnitTests-Product\UnitTests-Product.csproj", "{EA716495-C521-487D-A4BF-D14E7C30CF30}"
EndProject
Global
	GlobalSection(SolutionConfigurationPlatforms) = preSolution
		Debug|Any CPU = Debug|Any CPU
		Release|Any CPU = Release|Any CPU
	EndGlobalSection
	GlobalSection(ProjectConfigurationPlatforms) = postSolution
		{C90071BA-95A4-4C33-B321-D61225404026}.Debug|Any CPU.ActiveCfg = Debug|Any CPU
		{C90071BA-95A4-4C33-B321-D61225404026}.Debug|Any CPU.Build.0 = Debug|Any CPU
		{C90071BA-95A4-4C33-B321-D61225404026}.Release|Any CPU.ActiveCfg = Release|Any CPU
		{C90071BA-95A4-4C33-B321-D61225404026}.Release|Any CPU.Build.0 = Release|Any CPU
		{EA716495-C521-487D-A4BF-D14E7C30CF30}.Debug|Any CPU.ActiveCfg = Debug|Any CPU
		{EA716495-C521-487D-A4BF-D14E7C30CF30}.Debug|Any CPU.Build.0 = Debug|Any CPU
		{EA716495-C521-487D-A4BF-D14E7C30CF30}.Release|Any CPU.ActiveCfg = Release|Any CPU
		{EA716495-C521-487D-A4BF-D14E7C30CF30}.Release|Any CPU.Build.0 = Release|Any CPU
	EndGlobalSection
	GlobalSection(SolutionProperties) = preSolution
		HideSolutionNode = FALSE
	EndGlobalSection
	GlobalSection(ExtensibilityGlobals) = postSolution
		SolutionGuid = {2DF424A4-E93B-4F9F-8C02-D2515FACB7F2}
	EndGlobalSection
EndGlobal
